// !$*UTF8*$!
{
	archiveVersion = 1;
	classes = {
	};
	objectVersion = 50;
	objects = {

/* Begin PBXBuildFile section */
		65815B3E26861EA900BC5CE0 /* OrderItem.swift in Sources */ = {isa = PBXBuildFile; fileRef = 65815B3226861EA900BC5CE0 /* OrderItem.swift */; };
		65815B3F26861EA900BC5CE0 /* OrderView.swift in Sources */ = {isa = PBXBuildFile; fileRef = 65815B3326861EA900BC5CE0 /* OrderView.swift */; };
		65815B4026861EA900BC5CE0 /* FavoritesView.swift in Sources */ = {isa = PBXBuildFile; fileRef = 65815B3426861EA900BC5CE0 /* FavoritesView.swift */; };
		65815B4126861EA900BC5CE0 /* ItemDetail.swift in Sources */ = {isa = PBXBuildFile; fileRef = 65815B3526861EA900BC5CE0 /* ItemDetail.swift */; };
		65815B4226861EA900BC5CE0 /* menu.json in Resources */ = {isa = PBXBuildFile; fileRef = 65815B3626861EA900BC5CE0 /* menu.json */; };
		65815B4326861EA900BC5CE0 /* Favorites.swift in Sources */ = {isa = PBXBuildFile; fileRef = 65815B3726861EA900BC5CE0 /* Favorites.swift */; };
		65815B4426861EA900BC5CE0 /* Menu.swift in Sources */ = {isa = PBXBuildFile; fileRef = 65815B3826861EA900BC5CE0 /* Menu.swift */; };
		65815B4526861EA900BC5CE0 /* Helper.swift in Sources */ = {isa = PBXBuildFile; fileRef = 65815B3926861EA900BC5CE0 /* Helper.swift */; };
		65815B4626861EA900BC5CE0 /* ItemRow.swift in Sources */ = {isa = PBXBuildFile; fileRef = 65815B3A26861EA900BC5CE0 /* ItemRow.swift */; };
		65815B4726861EA900BC5CE0 /* MainView.swift in Sources */ = {isa = PBXBuildFile; fileRef = 65815B3B26861EA900BC5CE0 /* MainView.swift */; };
		65815B4826861EA900BC5CE0 /* CheckoutView.swift in Sources */ = {isa = PBXBuildFile; fileRef = 65815B3C26861EA900BC5CE0 /* CheckoutView.swift */; };
		65815B4926861EA900BC5CE0 /* Order.swift in Sources */ = {isa = PBXBuildFile; fileRef = 65815B3D26861EA900BC5CE0 /* Order.swift */; };
		65C5C3E4267599A000941621 /* iDineApp.swift in Sources */ = {isa = PBXBuildFile; fileRef = 65C5C3E3267599A000941621 /* iDineApp.swift */; };
		65C5C3E6267599A000941621 /* ContentView.swift in Sources */ = {isa = PBXBuildFile; fileRef = 65C5C3E5267599A000941621 /* ContentView.swift */; };
		65C5C3E8267599A100941621 /* Assets.xcassets in Resources */ = {isa = PBXBuildFile; fileRef = 65C5C3E7267599A100941621 /* Assets.xcassets */; };
		65C5C3EB267599A100941621 /* Preview Assets.xcassets in Resources */ = {isa = PBXBuildFile; fileRef = 65C5C3EA267599A100941621 /* Preview Assets.xcassets */; };
/* End PBXBuildFile section */

/* Begin PBXFileReference section */
		65815B3226861EA900BC5CE0 /* OrderItem.swift */ = {isa = PBXFileReference; fileEncoding = 4; lastKnownFileType = sourcecode.swift; path = OrderItem.swift; sourceTree = "<group>"; };
		65815B3326861EA900BC5CE0 /* OrderView.swift */ = {isa = PBXFileReference; fileEncoding = 4; lastKnownFileType = sourcecode.swift; path = OrderView.swift; sourceTree = "<group>"; };
		65815B3426861EA900BC5CE0 /* FavoritesView.swift */ = {isa = PBXFileReference; fileEncoding = 4; lastKnownFileType = sourcecode.swift; path = FavoritesView.swift; sourceTree = "<group>"; };
		65815B3526861EA900BC5CE0 /* ItemDetail.swift */ = {isa = PBXFileReference; fileEncoding = 4; lastKnownFileType = sourcecode.swift; path = ItemDetail.swift; sourceTree = "<group>"; };
		65815B3626861EA900BC5CE0 /* menu.json */ = {isa = PBXFileReference; fileEncoding = 4; lastKnownFileType = text.json; path = menu.json; sourceTree = "<group>"; };
		65815B3726861EA900BC5CE0 /* Favorites.swift */ = {isa = PBXFileReference; fileEncoding = 4; lastKnownFileType = sourcecode.swift; path = Favorites.swift; sourceTree = "<group>"; };
		65815B3826861EA900BC5CE0 /* Menu.swift */ = {isa = PBXFileReference; fileEncoding = 4; lastKnownFileType = sourcecode.swift; path = Menu.swift; sourceTree = "<group>"; };
		65815B3926861EA900BC5CE0 /* Helper.swift */ = {isa = PBXFileReference; fileEncoding = 4; lastKnownFileType = sourcecode.swift; path = Helper.swift; sourceTree = "<group>"; };
		65815B3A26861EA900BC5CE0 /* ItemRow.swift */ = {isa = PBXFileReference; fileEncoding = 4; lastKnownFileType = sourcecode.swift; path = ItemRow.swift; sourceTree = "<group>"; };
		65815B3B26861EA900BC5CE0 /* MainView.swift */ = {isa = PBXFileReference; fileEncoding = 4; lastKnownFileType = sourcecode.swift; path = MainView.swift; sourceTree = "<group>"; };
		65815B3C26861EA900BC5CE0 /* CheckoutView.swift */ = {isa = PBXFileReference; fileEncoding = 4; lastKnownFileType = sourcecode.swift; path = CheckoutView.swift; sourceTree = "<group>"; };
		65815B3D26861EA900BC5CE0 /* Order.swift */ = {isa = PBXFileReference; fileEncoding = 4; lastKnownFileType = sourcecode.swift; path = Order.swift; sourceTree = "<group>"; };
		65C5C3E0267599A000941621 /* iDine.app */ = {isa = PBXFileReference; explicitFileType = wrapper.application; includeInIndex = 0; path = iDine.app; sourceTree = BUILT_PRODUCTS_DIR; };
		65C5C3E3267599A000941621 /* iDineApp.swift */ = {isa = PBXFileReference; lastKnownFileType = sourcecode.swift; path = iDineApp.swift; sourceTree = "<group>"; };
		65C5C3E5267599A000941621 /* ContentView.swift */ = {isa = PBXFileReference; lastKnownFileType = sourcecode.swift; path = ContentView.swift; sourceTree = "<group>"; };
		65C5C3E7267599A100941621 /* Assets.xcassets */ = {isa = PBXFileReference; lastKnownFileType = folder.assetcatalog; path = Assets.xcassets; sourceTree = "<group>"; };
		65C5C3EA267599A100941621 /* Preview Assets.xcassets */ = {isa = PBXFileReference; lastKnownFileType = folder.assetcatalog; path = "Preview Assets.xcassets"; sourceTree = "<group>"; };
		65C5C3EC267599A100941621 /* Info.plist */ = {isa = PBXFileReference; lastKnownFileType = text.plist.xml; path = Info.plist; sourceTree = "<group>"; };
/* End PBXFileReference section */

/* Begin PBXFrameworksBuildPhase section */
		65C5C3DD267599A000941621 /* Frameworks */ = {
			isa = PBXFrameworksBuildPhase;
			buildActionMask = 2147483647;
			files = (
			);
			runOnlyForDeploymentPostprocessing = 0;
		};
/* End PBXFrameworksBuildPhase section */

/* Begin PBXGroup section */
		65C5C3D7267599A000941621 = {
			isa = PBXGroup;
			children = (
				65C5C3E2267599A000941621 /* iDine */,
				65C5C3E1267599A000941621 /* Products */,
			);
			sourceTree = "<group>";
		};
		65C5C3E1267599A000941621 /* Products */ = {
			isa = PBXGroup;
			children = (
				65C5C3E0267599A000941621 /* iDine.app */,
			);
			name = Products;
			sourceTree = "<group>";
		};
		65C5C3E2267599A000941621 /* iDine */ = {
			isa = PBXGroup;
			children = (
				65815B3C26861EA900BC5CE0 /* CheckoutView.swift */,
				65815B3726861EA900BC5CE0 /* Favorites.swift */,
				65815B3426861EA900BC5CE0 /* FavoritesView.swift */,
				65815B3926861EA900BC5CE0 /* Helper.swift */,
				65815B3526861EA900BC5CE0 /* ItemDetail.swift */,
				65815B3A26861EA900BC5CE0 /* ItemRow.swift */,
				65815B3B26861EA900BC5CE0 /* MainView.swift */,
				65815B3626861EA900BC5CE0 /* menu.json */,
				65815B3826861EA900BC5CE0 /* Menu.swift */,
				65815B3D26861EA900BC5CE0 /* Order.swift */,
				65815B3226861EA900BC5CE0 /* OrderItem.swift */,
				65815B3326861EA900BC5CE0 /* OrderView.swift */,
				65C5C3E3267599A000941621 /* iDineApp.swift */,
				65C5C3E5267599A000941621 /* ContentView.swift */,
				65C5C3E7267599A100941621 /* Assets.xcassets */,
				65C5C3EC267599A100941621 /* Info.plist */,
				65C5C3E9267599A100941621 /* Preview Content */,
			);
			path = iDine;
			sourceTree = "<group>";
		};
		65C5C3E9267599A100941621 /* Preview Content */ = {
			isa = PBXGroup;
			children = (
				65C5C3EA267599A100941621 /* Preview Assets.xcassets */,
			);
			path = "Preview Content";
			sourceTree = "<group>";
		};
/* End PBXGroup section */

/* Begin PBXNativeTarget section */
		65C5C3DF267599A000941621 /* iDine */ = {
			isa = PBXNativeTarget;
			buildConfigurationList = 65C5C3EF267599A100941621 /* Build configuration list for PBXNativeTarget "iDine" */;
			buildPhases = (
				65C5C3DC267599A000941621 /* Sources */,
				65C5C3DD267599A000941621 /* Frameworks */,
				65C5C3DE267599A000941621 /* Resources */,
			);
			buildRules = (
			);
			dependencies = (
			);
			name = iDine;
			productName = iDine;
			productReference = 65C5C3E0267599A000941621 /* iDine.app */;
			productType = "com.apple.product-type.application";
		};
/* End PBXNativeTarget section */

/* Begin PBXProject section */
		65C5C3D8267599A000941621 /* Project object */ = {
			isa = PBXProject;
			attributes = {
				LastSwiftUpdateCheck = 1250;
				LastUpgradeCheck = 1250;
				TargetAttributes = {
					65C5C3DF267599A000941621 = {
						CreatedOnToolsVersion = 12.5;
					};
				};
			};
			buildConfigurationList = 65C5C3DB267599A000941621 /* Build configuration list for PBXProject "iDine" */;
			compatibilityVersion = "Xcode 9.3";
			developmentRegion = en;
			hasScannedForEncodings = 0;
			knownRegions = (
				en,
				Base,
			);
			mainGroup = 65C5C3D7267599A000941621;
			productRefGroup = 65C5C3E1267599A000941621 /* Products */;
			projectDirPath = "";
			projectRoot = "";
			targets = (
				65C5C3DF267599A000941621 /* iDine */,
			);
		};
/* End PBXProject section */

/* Begin PBXResourcesBuildPhase section */
		65C5C3DE267599A000941621 /* Resources */ = {
			isa = PBXResourcesBuildPhase;
			buildActionMask = 2147483647;
			files = (
				65815B4226861EA900BC5CE0 /* menu.json in Resources */,
				65C5C3EB267599A100941621 /* Preview Assets.xcassets in Resources */,
				65C5C3E8267599A100941621 /* Assets.xcassets in Resources */,
			);
			runOnlyForDeploymentPostprocessing = 0;
		};
/* End PBXResourcesBuildPhase section */

/* Begin PBXSourcesBuildPhase section */
		65C5C3DC267599A000941621 /* Sources */ = {
			isa = PBXSourcesBuildPhase;
			buildActionMask = 2147483647;
			files = (
				65815B4026861EA900BC5CE0 /* FavoritesView.swift in Sources */,
				65815B4126861EA900BC5CE0 /* ItemDetail.swift in Sources */,
				65815B4826861EA900BC5CE0 /* CheckoutView.swift in Sources */,
				65815B4426861EA900BC5CE0 /* Menu.swift in Sources */,
				65C5C3E6267599A000941621 /* ContentView.swift in Sources */,
				65815B3F26861EA900BC5CE0 /* OrderView.swift in Sources */,
				65815B4526861EA900BC5CE0 /* Helper.swift in Sources */,
				65815B4326861EA900BC5CE0 /* Favorites.swift in Sources */,
				65815B4726861EA900BC5CE0 /* MainView.swift in Sources */,
				65815B4626861EA900BC5CE0 /* ItemRow.swift in Sources */,
				65815B4926861EA900BC5CE0 /* Order.swift in Sources */,
				65C5C3E4267599A000941621 /* iDineApp.swift in Sources */,
				65815B3E26861EA900BC5CE0 /* OrderItem.swift in Sources */,
			);
			runOnlyForDeploymentPostprocessing = 0;
		};
/* End PBXSourcesBuildPhase section */

/* Begin XCBuildConfiguration section */
		65C5C3ED267599A100941621 /* Debug */ = {
			isa = XCBuildConfiguration;
			buildSettings = {
				ALWAYS_SEARCH_USER_PATHS = NO;
				CLANG_ANALYZER_NONNULL = YES;
				CLANG_ANALYZER_NUMBER_OBJECT_CONVERSION = YES_AGGRESSIVE;
				CLANG_CXX_LANGUAGE_STANDARD = "gnu++14";
				CLANG_CXX_LIBRARY = "libc++";
				CLANG_ENABLE_MODULES = YES;
				CLANG_ENABLE_OBJC_ARC = YES;
				CLANG_ENABLE_OBJC_WEAK = YES;
				CLANG_WARN_BLOCK_CAPTURE_AUTORELEASING = YES;
				CLANG_WARN_BOOL_CONVERSION = YES;
				CLANG_WARN_COMMA = YES;
				CLANG_WARN_CONSTANT_CONVERSION = YES;
				CLANG_WARN_DEPRECATED_OBJC_IMPLEMENTATIONS = YES;
				CLANG_WARN_DIRECT_OBJC_ISA_USAGE = YES_ERROR;
				CLANG_WARN_DOCUMENTATION_COMMENTS = YES;
				CLANG_WARN_EMPTY_BODY = YES;
				CLANG_WARN_ENUM_CONVERSION = YES;
				CLANG_WARN_INFINITE_RECURSION = YES;
				CLANG_WARN_INT_CONVERSION = YES;
				CLANG_WARN_NON_LITERAL_NULL_CONVERSION = YES;
				CLANG_WARN_OBJC_IMPLICIT_RETAIN_SELF = YES;
				CLANG_WARN_OBJC_LITERAL_CONVERSION = YES;
				CLANG_WARN_OBJC_ROOT_CLASS = YES_ERROR;
				CLANG_WARN_QUOTED_INCLUDE_IN_FRAMEWORK_HEADER = YES;
				CLANG_WARN_RANGE_LOOP_ANALYSIS = YES;
				CLANG_WARN_STRICT_PROTOTYPES = YES;
				CLANG_WARN_SUSPICIOUS_MOVE = YES;
				CLANG_WARN_UNGUARDED_AVAILABILITY = YES_AGGRESSIVE;
				CLANG_WARN_UNREACHABLE_CODE = YES;
				CLANG_WARN__DUPLICATE_METHOD_MATCH = YES;
				COPY_PHASE_STRIP = NO;
				DEBUG_INFORMATION_FORMAT = dwarf;
				ENABLE_STRICT_OBJC_MSGSEND = YES;
				ENABLE_TESTABILITY = YES;
				GCC_C_LANGUAGE_STANDARD = gnu11;
				GCC_DYNAMIC_NO_PIC = NO;
				GCC_NO_COMMON_BLOCKS = YES;
				GCC_OPTIMIZATION_LEVEL = 0;
				GCC_PREPROCESSOR_DEFINITIONS = (
					"DEBUG=1",
					"$(inherited)",
				);
				GCC_WARN_64_TO_32_BIT_CONVERSION = YES;
				GCC_WARN_ABOUT_RETURN_TYPE = YES_ERROR;
				GCC_WARN_UNDECLARED_SELECTOR = YES;
				GCC_WARN_UNINITIALIZED_AUTOS = YES_AGGRESSIVE;
				GCC_WARN_UNUSED_FUNCTION = YES;
				GCC_WARN_UNUSED_VARIABLE = YES;
				IPHONEOS_DEPLOYMENT_TARGET = 14.5;
				MTL_ENABLE_DEBUG_INFO = INCLUDE_SOURCE;
				MTL_FAST_MATH = YES;
				ONLY_ACTIVE_ARCH = YES;
				SDKROOT = iphoneos;
				SWIFT_ACTIVE_COMPILATION_CONDITIONS = DEBUG;
				SWIFT_OPTIMIZATION_LEVEL = "-Onone";
			};
			name = Debug;
		};
		65C5C3EE267599A100941621 /* Release */ = {
			isa = XCBuildConfiguration;
			buildSettings = {
				ALWAYS_SEARCH_USER_PATHS = NO;
				CLANG_ANALYZER_NONNULL = YES;
				CLANG_ANALYZER_NUMBER_OBJECT_CONVERSION = YES_AGGRESSIVE;
				CLANG_CXX_LANGUAGE_STANDARD = "gnu++14";
				CLANG_CXX_LIBRARY = "libc++";
				CLANG_ENABLE_MODULES = YES;
				CLANG_ENABLE_OBJC_ARC = YES;
				CLANG_ENABLE_OBJC_WEAK = YES;
				CLANG_WARN_BLOCK_CAPTURE_AUTORELEASING = YES;
				CLANG_WARN_BOOL_CONVERSION = YES;
				CLANG_WARN_COMMA = YES;
				CLANG_WARN_CONSTANT_CONVERSION = YES;
				CLANG_WARN_DEPRECATED_OBJC_IMPLEMENTATIONS = YES;
				CLANG_WARN_DIRECT_OBJC_ISA_USAGE = YES_ERROR;
				CLANG_WARN_DOCUMENTATION_COMMENTS = YES;
				CLANG_WARN_EMPTY_BODY = YES;
				CLANG_WARN_ENUM_CONVERSION = YES;
				CLANG_WARN_INFINITE_RECURSION = YES;
				CLANG_WARN_INT_CONVERSION = YES;
				CLANG_WARN_NON_LITERAL_NULL_CONVERSION = YES;
				CLANG_WARN_OBJC_IMPLICIT_RETAIN_SELF = YES;
				CLANG_WARN_OBJC_LITERAL_CONVERSION = YES;
				CLANG_WARN_OBJC_ROOT_CLASS = YES_ERROR;
				CLANG_WARN_QUOTED_INCLUDE_IN_FRAMEWORK_HEADER = YES;
				CLANG_WARN_RANGE_LOOP_ANALYSIS = YES;
				CLANG_WARN_STRICT_PROTOTYPES = YES;
				CLANG_WARN_SUSPICIOUS_MOVE = YES;
				CLANG_WARN_UNGUARDED_AVAILABILITY = YES_AGGRESSIVE;
				CLANG_WARN_UNREACHABLE_CODE = YES;
				CLANG_WARN__DUPLICATE_METHOD_MATCH = YES;
				COPY_PHASE_STRIP = NO;
				DEBUG_INFORMATION_FORMAT = "dwarf-with-dsym";
				ENABLE_NS_ASSERTIONS = NO;
				ENABLE_STRICT_OBJC_MSGSEND = YES;
				GCC_C_LANGUAGE_STANDARD = gnu11;
				GCC_NO_COMMON_BLOCKS = YES;
				GCC_WARN_64_TO_32_BIT_CONVERSION = YES;
				GCC_WARN_ABOUT_RETURN_TYPE = YES_ERROR;
				GCC_WARN_UNDECLARED_SELECTOR = YES;
				GCC_WARN_UNINITIALIZED_AUTOS = YES_AGGRESSIVE;
				GCC_WARN_UNUSED_FUNCTION = YES;
				GCC_WARN_UNUSED_VARIABLE = YES;
				IPHONEOS_DEPLOYMENT_TARGET = 14.5;
				MTL_ENABLE_DEBUG_INFO = NO;
				MTL_FAST_MATH = YES;
				SDKROOT = iphoneos;
				SWIFT_COMPILATION_MODE = wholemodule;
				SWIFT_OPTIMIZATION_LEVEL = "-O";
				VALIDATE_PRODUCT = YES;
			};
			name = Release;
		};
		65C5C3F0267599A100941621 /* Debug */ = {
			isa = XCBuildConfiguration;
			buildSettings = {
				ASSETCATALOG_COMPILER_APPICON_NAME = AppIcon;
				ASSETCATALOG_COMPILER_GLOBAL_ACCENT_COLOR_NAME = AccentColor;
				CODE_SIGN_STYLE = Automatic;
				DEVELOPMENT_ASSET_PATHS = "\"iDine/Preview Content\"";
				DEVELOPMENT_TEAM = XZ9VWRV6AW;
				ENABLE_PREVIEWS = YES;
				INFOPLIST_FILE = iDine/Info.plist;
				IPHONEOS_DEPLOYMENT_TARGET = 14.0;
				LD_RUNPATH_SEARCH_PATHS = (
					"$(inherited)",
					"@executable_path/Frameworks",
				);
				PRODUCT_BUNDLE_IDENTIFIER = com.venkyul.iDine;
				PRODUCT_NAME = "$(TARGET_NAME)";
				SWIFT_VERSION = 5.0;
				TARGETED_DEVICE_FAMILY = "1,2";
			};
			name = Debug;
		};
		65C5C3F1267599A100941621 /* Release */ = {
			isa = XCBuildConfiguration;
			buildSettings = {
				ASSETCATALOG_COMPILER_APPICON_NAME = AppIcon;
				ASSETCATALOG_COMPILER_GLOBAL_ACCENT_COLOR_NAME = AccentColor;
				CODE_SIGN_STYLE = Automatic;
				DEVELOPMENT_ASSET_PATHS = "\"iDine/Preview Content\"";
				DEVELOPMENT_TEAM = XZ9VWRV6AW;
				ENABLE_PREVIEWS = YES;
				INFOPLIST_FILE = iDine/Info.plist;
				IPHONEOS_DEPLOYMENT_TARGET = 14.0;
				LD_RUNPATH_SEARCH_PATHS = (
					"$(inherited)",
					"@executable_path/Frameworks",
				);
				PRODUCT_BUNDLE_IDENTIFIER = com.venkyul.iDine;
				PRODUCT_NAME = "$(TARGET_NAME)";
				SWIFT_VERSION = 5.0;
				TARGETED_DEVICE_FAMILY = "1,2";
			};
			name = Release;
		};
/* End XCBuildConfiguration section */

/* Begin XCConfigurationList section */
		65C5C3DB267599A000941621 /* Build configuration list for PBXProject "iDine" */ = {
			isa = XCConfigurationList;
			buildConfigurations = (
				65C5C3ED267599A100941621 /* Debug */,
				65C5C3EE267599A100941621 /* Release */,
			);
			defaultConfigurationIsVisible = 0;
			defaultConfigurationName = Release;
		};
		65C5C3EF267599A100941621 /* Build configuration list for PBXNativeTarget "iDine" */ = {
			isa = XCConfigurationList;
			buildConfigurations = (
				65C5C3F0267599A100941621 /* Debug */,
				65C5C3F1267599A100941621 /* Release */,
			);
			defaultConfigurationIsVisible = 0;
			defaultConfigurationName = Release;
		};
/* End XCConfigurationList section */
	};
	rootObject = 65C5C3D8267599A000941621 /* Project object */;
}
